
Microsoft Visual Studio Solution File, Format Version 12.00
# Visual Studio 15
Project("{FAE04EC0-301F-11D3-BF4B-00C04F79EFBC}") = "IOSToolbarExtensions.iOS", "IOSToolbarExtensions.iOS\IOSToolbarExtensions.iOS.csproj", "{4133C1AF-6846-49B2-ADAB-98C39FE84493}"
EndProject
Project("{5DD5E4FA-CB73-4610-85AB-557B54E96AA9}") = "IOSToolbarExtensions.NuGet", "IOSToolbarExtensions.NuGet\IOSToolbarExtensions.NuGet.nuproj", "{E4254C9E-E014-4870-BDC8-DFF5BA125B1C}"
EndProject
Project("{FAE04EC0-301F-11D3-BF4B-00C04F79EFBC}") = "iOSToolbarExtensions", "iOSToolbarExtensions\iOSToolbarExtensions.csproj", "{F43CED7D-D378-4EBC-BE94-CB0B80CB0148}"
EndProject
Global
	GlobalSection(SolutionConfigurationPlatforms) = preSolution
		Debug|Any CPU = Debug|Any CPU
		Release|Any CPU = Release|Any CPU
	EndGlobalSection
	GlobalSection(ProjectConfigurationPlatforms) = postSolution
		{4133C1AF-6846-49B2-ADAB-98C39FE84493}.Debug|Any CPU.ActiveCfg = Debug|Any CPU
		{4133C1AF-6846-49B2-ADAB-98C39FE84493}.Debug|Any CPU.Build.0 = Debug|Any CPU
		{4133C1AF-6846-49B2-ADAB-98C39FE84493}.Release|Any CPU.ActiveCfg = Release|Any CPU
		{4133C1AF-6846-49B2-ADAB-98C39FE84493}.Release|Any CPU.Build.0 = Release|Any CPU
		{E4254C9E-E014-4870-BDC8-DFF5BA125B1C}.Debug|Any CPU.ActiveCfg = Debug|Any CPU
		{E4254C9E-E014-4870-BDC8-DFF5BA125B1C}.Debug|Any CPU.Build.0 = Debug|Any CPU
		{E4254C9E-E014-4870-BDC8-DFF5BA125B1C}.Release|Any CPU.ActiveCfg = Release|Any CPU
		{E4254C9E-E014-4870-BDC8-DFF5BA125B1C}.Release|Any CPU.Build.0 = Release|Any CPU
		{F43CED7D-D378-4EBC-BE94-CB0B80CB0148}.Debug|Any CPU.ActiveCfg = Debug|Any CPU
		{F43CED7D-D378-4EBC-BE94-CB0B80CB0148}.Debug|Any CPU.Build.0 = Debug|Any CPU
		{F43CED7D-D378-4EBC-BE94-CB0B80CB0148}.Release|Any CPU.ActiveCfg = Release|Any CPU
		{F43CED7D-D378-4EBC-BE94-CB0B80CB0148}.Release|Any CPU.Build.0 = Release|Any CPU
	EndGlobalSection
EndGlobal
